// !$*UTF8*$!
{
	archiveVersion = 1;
	classes = {
	};
	objectVersion = 46;
	objects = {

/* Begin PBXBuildFile section */
		8442E76018888E640391F046 /* libPods-AFNetworkNSObject.a in Frameworks */ = {isa = PBXBuildFile; fileRef = 0BD72D5C9BE12AE659C40D90 /* libPods-AFNetworkNSObject.a */; };
		9C9BE0C019FCCF5600E4A8D8 /* main.m in Sources */ = {isa = PBXBuildFile; fileRef = 9C9BE0BF19FCCF5600E4A8D8 /* main.m */; };
		9C9BE0C319FCCF5600E4A8D8 /* AppDelegate.m in Sources */ = {isa = PBXBuildFile; fileRef = 9C9BE0C219FCCF5600E4A8D8 /* AppDelegate.m */; };
		9C9BE0C619FCCF5600E4A8D8 /* ViewController.m in Sources */ = {isa = PBXBuildFile; fileRef = 9C9BE0C519FCCF5600E4A8D8 /* ViewController.m */; };
		9C9BE0C919FCCF5600E4A8D8 /* Main.storyboard in Resources */ = {isa = PBXBuildFile; fileRef = 9C9BE0C719FCCF5600E4A8D8 /* Main.storyboard */; };
		9C9BE0CB19FCCF5600E4A8D8 /* Images.xcassets in Resources */ = {isa = PBXBuildFile; fileRef = 9C9BE0CA19FCCF5600E4A8D8 /* Images.xcassets */; };
		9C9BE0CE19FCCF5600E4A8D8 /* LaunchScreen.xib in Resources */ = {isa = PBXBuildFile; fileRef = 9C9BE0CC19FCCF5600E4A8D8 /* LaunchScreen.xib */; };
		9C9BE0DA19FCCF5600E4A8D8 /* AFNetworkNSObjectTests.m in Sources */ = {isa = PBXBuildFile; fileRef = 9C9BE0D919FCCF5600E4A8D8 /* AFNetworkNSObjectTests.m */; };
		EF996D561CD9DBBD005BB1E3 /* AFHTTPRequestSerializer+HttpHeader.m in Sources */ = {isa = PBXBuildFile; fileRef = EF996D531CD9DBBD005BB1E3 /* AFHTTPRequestSerializer+HttpHeader.m */; };
		EF996D571CD9DBBD005BB1E3 /* NSObject+Network.m in Sources */ = {isa = PBXBuildFile; fileRef = EF996D551CD9DBBD005BB1E3 /* NSObject+Network.m */; };
/* End PBXBuildFile section */

/* Begin PBXContainerItemProxy section */
		9C9BE0D419FCCF5600E4A8D8 /* PBXContainerItemProxy */ = {
			isa = PBXContainerItemProxy;
			containerPortal = 9C9BE0B219FCCF5600E4A8D8 /* Project object */;
			proxyType = 1;
			remoteGlobalIDString = 9C9BE0B919FCCF5600E4A8D8;
			remoteInfo = AFNetworkNSObject;
		};
/* End PBXContainerItemProxy section */

/* Begin PBXFileReference section */
		0BD72D5C9BE12AE659C40D90 /* libPods-AFNetworkNSObject.a */ = {isa = PBXFileReference; explicitFileType = archive.ar; includeInIndex = 0; path = "libPods-AFNetworkNSObject.a"; sourceTree = BUILT_PRODUCTS_DIR; };
		0DA559AC03E66C0D513130C8 /* Pods-AFNetworkNSObject.release.xcconfig */ = {isa = PBXFileReference; includeInIndex = 1; lastKnownFileType = text.xcconfig; name = "Pods-AFNetworkNSObject.release.xcconfig"; path = "Pods/Target Support Files/Pods-AFNetworkNSObject/Pods-AFNetworkNSObject.release.xcconfig"; sourceTree = "<group>"; };
		28EB94C34445F2F49D0EBDDB /* Pods-AFNetworkNSObject.debug.xcconfig */ = {isa = PBXFileReference; includeInIndex = 1; lastKnownFileType = text.xcconfig; name = "Pods-AFNetworkNSObject.debug.xcconfig"; path = "Pods/Target Support Files/Pods-AFNetworkNSObject/Pods-AFNetworkNSObject.debug.xcconfig"; sourceTree = "<group>"; };
		9C9BE0BA19FCCF5600E4A8D8 /* AFNetworkNSObject.app */ = {isa = PBXFileReference; explicitFileType = wrapper.application; includeInIndex = 0; path = AFNetworkNSObject.app; sourceTree = BUILT_PRODUCTS_DIR; };
		9C9BE0BE19FCCF5600E4A8D8 /* Info.plist */ = {isa = PBXFileReference; lastKnownFileType = text.plist.xml; path = Info.plist; sourceTree = "<group>"; };
		9C9BE0BF19FCCF5600E4A8D8 /* main.m */ = {isa = PBXFileReference; lastKnownFileType = sourcecode.c.objc; path = main.m; sourceTree = "<group>"; };
		9C9BE0C119FCCF5600E4A8D8 /* AppDelegate.h */ = {isa = PBXFileReference; lastKnownFileType = sourcecode.c.h; path = AppDelegate.h; sourceTree = "<group>"; };
		9C9BE0C219FCCF5600E4A8D8 /* AppDelegate.m */ = {isa = PBXFileReference; lastKnownFileType = sourcecode.c.objc; path = AppDelegate.m; sourceTree = "<group>"; };
		9C9BE0C419FCCF5600E4A8D8 /* ViewController.h */ = {isa = PBXFileReference; lastKnownFileType = sourcecode.c.h; path = ViewController.h; sourceTree = "<group>"; };
		9C9BE0C519FCCF5600E4A8D8 /* ViewController.m */ = {isa = PBXFileReference; lastKnownFileType = sourcecode.c.objc; path = ViewController.m; sourceTree = "<group>"; };
		9C9BE0C819FCCF5600E4A8D8 /* Base */ = {isa = PBXFileReference; lastKnownFileType = file.storyboard; name = Base; path = Base.lproj/Main.storyboard; sourceTree = "<group>"; };
		9C9BE0CA19FCCF5600E4A8D8 /* Images.xcassets */ = {isa = PBXFileReference; lastKnownFileType = folder.assetcatalog; path = Images.xcassets; sourceTree = "<group>"; };
		9C9BE0CD19FCCF5600E4A8D8 /* Base */ = {isa = PBXFileReference; lastKnownFileType = file.xib; name = Base; path = Base.lproj/LaunchScreen.xib; sourceTree = "<group>"; };
		9C9BE0D319FCCF5600E4A8D8 /* AFNetworkNSObjectTests.xctest */ = {isa = PBXFileReference; explicitFileType = wrapper.cfbundle; includeInIndex = 0; path = AFNetworkNSObjectTests.xctest; sourceTree = BUILT_PRODUCTS_DIR; };
		9C9BE0D819FCCF5600E4A8D8 /* Info.plist */ = {isa = PBXFileReference; lastKnownFileType = text.plist.xml; path = Info.plist; sourceTree = "<group>"; };
		9C9BE0D919FCCF5600E4A8D8 /* AFNetworkNSObjectTests.m */ = {isa = PBXFileReference; lastKnownFileType = sourcecode.c.objc; path = AFNetworkNSObjectTests.m; sourceTree = "<group>"; };
		EF996D521CD9DBBD005BB1E3 /* AFHTTPRequestSerializer+HttpHeader.h */ = {isa = PBXFileReference; fileEncoding = 4; lastKnownFileType = sourcecode.c.h; path = "AFHTTPRequestSerializer+HttpHeader.h"; sourceTree = "<group>"; };
		EF996D531CD9DBBD005BB1E3 /* AFHTTPRequestSerializer+HttpHeader.m */ = {isa = PBXFileReference; fileEncoding = 4; lastKnownFileType = sourcecode.c.objc; path = "AFHTTPRequestSerializer+HttpHeader.m"; sourceTree = "<group>"; };
		EF996D541CD9DBBD005BB1E3 /* NSObject+Network.h */ = {isa = PBXFileReference; fileEncoding = 4; lastKnownFileType = sourcecode.c.h; path = "NSObject+Network.h"; sourceTree = "<group>"; };
		EF996D551CD9DBBD005BB1E3 /* NSObject+Network.m */ = {isa = PBXFileReference; fileEncoding = 4; lastKnownFileType = sourcecode.c.objc; path = "NSObject+Network.m"; sourceTree = "<group>"; };
/* End PBXFileReference section */

/* Begin PBXFrameworksBuildPhase section */
		9C9BE0B719FCCF5600E4A8D8 /* Frameworks */ = {
			isa = PBXFrameworksBuildPhase;
			buildActionMask = 2147483647;
			files = (
				8442E76018888E640391F046 /* libPods-AFNetworkNSObject.a in Frameworks */,
			);
			runOnlyForDeploymentPostprocessing = 0;
		};
		9C9BE0D019FCCF5600E4A8D8 /* Frameworks */ = {
			isa = PBXFrameworksBuildPhase;
			buildActionMask = 2147483647;
			files = (
			);
			runOnlyForDeploymentPostprocessing = 0;
		};
/* End PBXFrameworksBuildPhase section */

/* Begin PBXGroup section */
		209DD3CF379BCA631B8CDE77 /* Pods */ = {
			isa = PBXGroup;
			children = (
				28EB94C34445F2F49D0EBDDB /* Pods-AFNetworkNSObject.debug.xcconfig */,
				0DA559AC03E66C0D513130C8 /* Pods-AFNetworkNSObject.release.xcconfig */,
			);
			name = Pods;
			sourceTree = "<group>";
		};
		9C9BE0B119FCCF5600E4A8D8 = {
			isa = PBXGroup;
			children = (
				9C9BE0BC19FCCF5600E4A8D8 /* AFNetworkNSObject */,
				9C9BE0D619FCCF5600E4A8D8 /* AFNetworkNSObjectTests */,
				9C9BE0BB19FCCF5600E4A8D8 /* Products */,
				209DD3CF379BCA631B8CDE77 /* Pods */,
				9D0CD458E500A355652994F1 /* Frameworks */,
			);
			sourceTree = "<group>";
		};
		9C9BE0BB19FCCF5600E4A8D8 /* Products */ = {
			isa = PBXGroup;
			children = (
				9C9BE0BA19FCCF5600E4A8D8 /* AFNetworkNSObject.app */,
				9C9BE0D319FCCF5600E4A8D8 /* AFNetworkNSObjectTests.xctest */,
			);
			name = Products;
			sourceTree = "<group>";
		};
		9C9BE0BC19FCCF5600E4A8D8 /* AFNetworkNSObject */ = {
			isa = PBXGroup;
			children = (
				EF996D511CD9DBBD005BB1E3 /* NSObject-Network */,
				9C9BE0C119FCCF5600E4A8D8 /* AppDelegate.h */,
				9C9BE0C219FCCF5600E4A8D8 /* AppDelegate.m */,
				9C9BE0C419FCCF5600E4A8D8 /* ViewController.h */,
				9C9BE0C519FCCF5600E4A8D8 /* ViewController.m */,
				9C9BE0C719FCCF5600E4A8D8 /* Main.storyboard */,
				9C9BE0CA19FCCF5600E4A8D8 /* Images.xcassets */,
				9C9BE0CC19FCCF5600E4A8D8 /* LaunchScreen.xib */,
				9C9BE0BD19FCCF5600E4A8D8 /* Supporting Files */,
			);
			path = AFNetworkNSObject;
			sourceTree = "<group>";
		};
		9C9BE0BD19FCCF5600E4A8D8 /* Supporting Files */ = {
			isa = PBXGroup;
			children = (
				9C9BE0BE19FCCF5600E4A8D8 /* Info.plist */,
				9C9BE0BF19FCCF5600E4A8D8 /* main.m */,
			);
			name = "Supporting Files";
			sourceTree = "<group>";
		};
		9C9BE0D619FCCF5600E4A8D8 /* AFNetworkNSObjectTests */ = {
			isa = PBXGroup;
			children = (
				9C9BE0D919FCCF5600E4A8D8 /* AFNetworkNSObjectTests.m */,
				9C9BE0D719FCCF5600E4A8D8 /* Supporting Files */,
			);
			path = AFNetworkNSObjectTests;
			sourceTree = "<group>";
		};
		9C9BE0D719FCCF5600E4A8D8 /* Supporting Files */ = {
			isa = PBXGroup;
			children = (
				9C9BE0D819FCCF5600E4A8D8 /* Info.plist */,
			);
			name = "Supporting Files";
			sourceTree = "<group>";
		};
		9D0CD458E500A355652994F1 /* Frameworks */ = {
			isa = PBXGroup;
			children = (
				0BD72D5C9BE12AE659C40D90 /* libPods-AFNetworkNSObject.a */,
			);
			name = Frameworks;
			sourceTree = "<group>";
		};
		EF996D511CD9DBBD005BB1E3 /* NSObject-Network */ = {
			isa = PBXGroup;
			children = (
				EF996D521CD9DBBD005BB1E3 /* AFHTTPRequestSerializer+HttpHeader.h */,
				EF996D531CD9DBBD005BB1E3 /* AFHTTPRequestSerializer+HttpHeader.m */,
				EF996D541CD9DBBD005BB1E3 /* NSObject+Network.h */,
				EF996D551CD9DBBD005BB1E3 /* NSObject+Network.m */,
			);
			path = "NSObject-Network";
			sourceTree = "<group>";
		};
/* End PBXGroup section */

/* Begin PBXNativeTarget section */
		9C9BE0B919FCCF5600E4A8D8 /* AFNetworkNSObject */ = {
			isa = PBXNativeTarget;
			buildConfigurationList = 9C9BE0DD19FCCF5600E4A8D8 /* Build configuration list for PBXNativeTarget "AFNetworkNSObject" */;
			buildPhases = (
				9A991FF1C593ACC9C6FD4AE4 /* Check Pods Manifest.lock */,
				9C9BE0B619FCCF5600E4A8D8 /* Sources */,
				9C9BE0B719FCCF5600E4A8D8 /* Frameworks */,
				9C9BE0B819FCCF5600E4A8D8 /* Resources */,
				D929E7762ABCCBA937E08285 /* Copy Pods Resources */,
				531EF81CDBF75B023FC77F99 /* Embed Pods Frameworks */,
			);
			buildRules = (
			);
			dependencies = (
			);
			name = AFNetworkNSObject;
			productName = AFNetworkNSObject;
			productReference = 9C9BE0BA19FCCF5600E4A8D8 /* AFNetworkNSObject.app */;
			productType = "com.apple.product-type.application";
		};
		9C9BE0D219FCCF5600E4A8D8 /* AFNetworkNSObjectTests */ = {
			isa = PBXNativeTarget;
			buildConfigurationList = 9C9BE0E019FCCF5600E4A8D8 /* Build configuration list for PBXNativeTarget "AFNetworkNSObjectTests" */;
			buildPhases = (
				9C9BE0CF19FCCF5600E4A8D8 /* Sources */,
				9C9BE0D019FCCF5600E4A8D8 /* Frameworks */,
				9C9BE0D119FCCF5600E4A8D8 /* Resources */,
			);
			buildRules = (
			);
			dependencies = (
				9C9BE0D519FCCF5600E4A8D8 /* PBXTargetDependency */,
			);
			name = AFNetworkNSObjectTests;
			productName = AFNetworkNSObjectTests;
			productReference = 9C9BE0D319FCCF5600E4A8D8 /* AFNetworkNSObjectTests.xctest */;
			productType = "com.apple.product-type.bundle.unit-test";
		};
/* End PBXNativeTarget section */

/* Begin PBXProject section */
		9C9BE0B219FCCF5600E4A8D8 /* Project object */ = {
			isa = PBXProject;
			attributes = {
				LastUpgradeCheck = 0610;
				ORGANIZATIONNAME = xuetangX;
				TargetAttributes = {
					9C9BE0B919FCCF5600E4A8D8 = {
						CreatedOnToolsVersion = 6.1;
					};
					9C9BE0D219FCCF5600E4A8D8 = {
						CreatedOnToolsVersion = 6.1;
						TestTargetID = 9C9BE0B919FCCF5600E4A8D8;
					};
				};
			};
			buildConfigurationList = 9C9BE0B519FCCF5600E4A8D8 /* Build configuration list for PBXProject "AFNetworkNSObject" */;
			compatibilityVersion = "Xcode 3.2";
			developmentRegion = English;
			hasScannedForEncodings = 0;
			knownRegions = (
				en,
				Base,
			);
			mainGroup = 9C9BE0B119FCCF5600E4A8D8;
			productRefGroup = 9C9BE0BB19FCCF5600E4A8D8 /* Products */;
			projectDirPath = "";
			projectRoot = "";
			targets = (
				9C9BE0B919FCCF5600E4A8D8 /* AFNetworkNSObject */,
				9C9BE0D219FCCF5600E4A8D8 /* AFNetworkNSObjectTests */,
			);
		};
/* End PBXProject section */

/* Begin PBXResourcesBuildPhase section */
		9C9BE0B819FCCF5600E4A8D8 /* Resources */ = {
			isa = PBXResourcesBuildPhase;
			buildActionMask = 2147483647;
			files = (
				9C9BE0C919FCCF5600E4A8D8 /* Main.storyboard in Resources */,
				9C9BE0CE19FCCF5600E4A8D8 /* LaunchScreen.xib in Resources */,
				9C9BE0CB19FCCF5600E4A8D8 /* Images.xcassets in Resources */,
			);
			runOnlyForDeploymentPostprocessing = 0;
		};
		9C9BE0D119FCCF5600E4A8D8 /* Resources */ = {
			isa = PBXResourcesBuildPhase;
			buildActionMask = 2147483647;
			files = (
			);
			runOnlyForDeploymentPostprocessing = 0;
		};
/* End PBXResourcesBuildPhase section */

/* Begin PBXShellScriptBuildPhase section */
		531EF81CDBF75B023FC77F99 /* Embed Pods Frameworks */ = {
			isa = PBXShellScriptBuildPhase;
			buildActionMask = 2147483647;
			files = (
			);
			inputPaths = (
			);
			name = "Embed Pods Frameworks";
			outputPaths = (
			);
			runOnlyForDeploymentPostprocessing = 0;
			shellPath = /bin/sh;
			shellScript = "\"${SRCROOT}/Pods/Target Support Files/Pods-AFNetworkNSObject/Pods-AFNetworkNSObject-frameworks.sh\"\n";
			showEnvVarsInLog = 0;
		};
		9A991FF1C593ACC9C6FD4AE4 /* Check Pods Manifest.lock */ = {
			isa = PBXShellScriptBuildPhase;
			buildActionMask = 2147483647;
			files = (
			);
			inputPaths = (
			);
			name = "Check Pods Manifest.lock";
			outputPaths = (
			);
			runOnlyForDeploymentPostprocessing = 0;
			shellPath = /bin/sh;
			shellScript = "diff \"${PODS_ROOT}/../Podfile.lock\" \"${PODS_ROOT}/Manifest.lock\" > /dev/null\nif [[ $? != 0 ]] ; then\n    cat << EOM\nerror: The sandbox is not in sync with the Podfile.lock. Run 'pod install' or update your CocoaPods installation.\nEOM\n    exit 1\nfi\n";
			showEnvVarsInLog = 0;
		};
		D929E7762ABCCBA937E08285 /* Copy Pods Resources */ = {
			isa = PBXShellScriptBuildPhase;
			buildActionMask = 2147483647;
			files = (
			);
			inputPaths = (
			);
			name = "Copy Pods Resources";
			outputPaths = (
			);
			runOnlyForDeploymentPostprocessing = 0;
			shellPath = /bin/sh;
			shellScript = "\"${SRCROOT}/Pods/Target Support Files/Pods-AFNetworkNSObject/Pods-AFNetworkNSObject-resources.sh\"\n";
			showEnvVarsInLog = 0;
		};
/* End PBXShellScriptBuildPhase section */

/* Begin PBXSourcesBuildPhase section */
		9C9BE0B619FCCF5600E4A8D8 /* Sources */ = {
			isa = PBXSourcesBuildPhase;
			buildActionMask = 2147483647;
			files = (
				9C9BE0C619FCCF5600E4A8D8 /* ViewController.m in Sources */,
				EF996D571CD9DBBD005BB1E3 /* NSObject+Network.m in Sources */,
				EF996D561CD9DBBD005BB1E3 /* AFHTTPRequestSerializer+HttpHeader.m in Sources */,
				9C9BE0C319FCCF5600E4A8D8 /* AppDelegate.m in Sources */,
				9C9BE0C019FCCF5600E4A8D8 /* main.m in Sources */,
			);
			runOnlyForDeploymentPostprocessing = 0;
		};
		9C9BE0CF19FCCF5600E4A8D8 /* Sources */ = {
			isa = PBXSourcesBuildPhase;
			buildActionMask = 2147483647;
			files = (
				9C9BE0DA19FCCF5600E4A8D8 /* AFNetworkNSObjectTests.m in Sources */,
			);
			runOnlyForDeploymentPostprocessing = 0;
		};
/* End PBXSourcesBuildPhase section */

/* Begin PBXTargetDependency section */
		9C9BE0D519FCCF5600E4A8D8 /* PBXTargetDependency */ = {
			isa = PBXTargetDependency;
			target = 9C9BE0B919FCCF5600E4A8D8 /* AFNetworkNSObject */;
			targetProxy = 9C9BE0D419FCCF5600E4A8D8 /* PBXContainerItemProxy */;
		};
/* End PBXTargetDependency section */

/* Begin PBXVariantGroup section */
		9C9BE0C719FCCF5600E4A8D8 /* Main.storyboard */ = {
			isa = PBXVariantGroup;
			children = (
				9C9BE0C819FCCF5600E4A8D8 /* Base */,
			);
			name = Main.storyboard;
			sourceTree = "<group>";
		};
		9C9BE0CC19FCCF5600E4A8D8 /* LaunchScreen.xib */ = {
			isa = PBXVariantGroup;
			children = (
				9C9BE0CD19FCCF5600E4A8D8 /* Base */,
			);
			name = LaunchScreen.xib;
			sourceTree = "<group>";
		};
/* End PBXVariantGroup section */

/* Begin XCBuildConfiguration section */
		9C9BE0DB19FCCF5600E4A8D8 /* Debug */ = {
			isa = XCBuildConfiguration;
			buildSettings = {
				ALWAYS_SEARCH_USER_PATHS = NO;
				CLANG_CXX_LANGUAGE_STANDARD = "gnu++0x";
				CLANG_CXX_LIBRARY = "libc++";
				CLANG_ENABLE_MODULES = YES;
				CLANG_ENABLE_OBJC_ARC = YES;
				CLANG_WARN_BOOL_CONVERSION = YES;
				CLANG_WARN_CONSTANT_CONVERSION = YES;
				CLANG_WARN_DIRECT_OBJC_ISA_USAGE = YES_ERROR;
				CLANG_WARN_EMPTY_BODY = YES;
				CLANG_WARN_ENUM_CONVERSION = YES;
				CLANG_WARN_INT_CONVERSION = YES;
				CLANG_WARN_OBJC_ROOT_CLASS = YES_ERROR;
				CLANG_WARN_UNREACHABLE_CODE = YES;
				CLANG_WARN__DUPLICATE_METHOD_MATCH = YES;
				"CODE_SIGN_IDENTITY[sdk=iphoneos*]" = "iPhone Developer";
				COPY_PHASE_STRIP = NO;
				ENABLE_STRICT_OBJC_MSGSEND = YES;
				GCC_C_LANGUAGE_STANDARD = gnu99;
				GCC_DYNAMIC_NO_PIC = NO;
				GCC_OPTIMIZATION_LEVEL = 0;
				GCC_PREPROCESSOR_DEFINITIONS = (
					"DEBUG=1",
					"$(inherited)",
				);
				GCC_SYMBOLS_PRIVATE_EXTERN = NO;
				GCC_WARN_64_TO_32_BIT_CONVERSION = YES;
				GCC_WARN_ABOUT_RETURN_TYPE = YES_ERROR;
				GCC_WARN_UNDECLARED_SELECTOR = YES;
				GCC_WARN_UNINITIALIZED_AUTOS = YES_AGGRESSIVE;
				GCC_WARN_UNUSED_FUNCTION = YES;
				GCC_WARN_UNUSED_VARIABLE = YES;
				IPHONEOS_DEPLOYMENT_TARGET = 8.1;
				MTL_ENABLE_DEBUG_INFO = YES;
				ONLY_ACTIVE_ARCH = YES;
				SDKROOT = iphoneos;
			};
			name = Debug;
		};
		9C9BE0DC19FCCF5600E4A8D8 /* Release */ = {
			isa = XCBuildConfiguration;
			buildSettings = {
				ALWAYS_SEARCH_USER_PATHS = NO;
				CLANG_CXX_LANGUAGE_STANDARD = "gnu++0x";
				CLANG_CXX_LIBRARY = "libc++";
				CLANG_ENABLE_MODULES = YES;
				CLANG_ENABLE_OBJC_ARC = YES;
				CLANG_WARN_BOOL_CONVERSION = YES;
				CLANG_WARN_CONSTANT_CONVERSION = YES;
				CLANG_WARN_DIRECT_OBJC_ISA_USAGE = YES_ERROR;
				CLANG_WARN_EMPTY_BODY = YES;
				CLANG_WARN_ENUM_CONVERSION = YES;
				CLANG_WARN_INT_CONVERSION = YES;
				CLANG_WARN_OBJC_ROOT_CLASS = YES_ERROR;
				CLANG_WARN_UNREACHABLE_CODE = YES;
				CLANG_WARN__DUPLICATE_METHOD_MATCH = YES;
				"CODE_SIGN_IDENTITY[sdk=iphoneos*]" = "iPhone Developer";
				COPY_PHASE_STRIP = YES;
				ENABLE_NS_ASSERTIONS = NO;
				ENABLE_STRICT_OBJC_MSGSEND = YES;
				GCC_C_LANGUAGE_STANDARD = gnu99;
				GCC_WARN_64_TO_32_BIT_CONVERSION = YES;
				GCC_WARN_ABOUT_RETURN_TYPE = YES_ERROR;
				GCC_WARN_UNDECLARED_SELECTOR = YES;
				GCC_WARN_UNINITIALIZED_AUTOS = YES_AGGRESSIVE;
				GCC_WARN_UNUSED_FUNCTION = YES;
				GCC_WARN_UNUSED_VARIABLE = YES;
				IPHONEOS_DEPLOYMENT_TARGET = 8.1;
				MTL_ENABLE_DEBUG_INFO = NO;
				SDKROOT = iphoneos;
				VALIDATE_PRODUCT = YES;
			};
			name = Release;
		};
		9C9BE0DE19FCCF5600E4A8D8 /* Debug */ = {
			isa = XCBuildConfiguration;
			baseConfigurationReference = 28EB94C34445F2F49D0EBDDB /* Pods-AFNetworkNSObject.debug.xcconfig */;
			buildSettings = {
				ASSETCATALOG_COMPILER_APPICON_NAME = AppIcon;
				INFOPLIST_FILE = AFNetworkNSObject/Info.plist;
				LD_RUNPATH_SEARCH_PATHS = "$(inherited) @executable_path/Frameworks";
				PRODUCT_NAME = "$(TARGET_NAME)";
			};
			name = Debug;
		};
		9C9BE0DF19FCCF5600E4A8D8 /* Release */ = {
			isa = XCBuildConfiguration;
			baseConfigurationReference = 0DA559AC03E66C0D513130C8 /* Pods-AFNetworkNSObject.release.xcconfig */;
			buildSettings = {
				ASSETCATALOG_COMPILER_APPICON_NAME = AppIcon;
				INFOPLIST_FILE = AFNetworkNSObject/Info.plist;
				LD_RUNPATH_SEARCH_PATHS = "$(inherited) @executable_path/Frameworks";
				PRODUCT_NAME = "$(TARGET_NAME)";
			};
			name = Release;
		};
		9C9BE0E119FCCF5600E4A8D8 /* Debug */ = {
			isa = XCBuildConfiguration;
			buildSettings = {
				BUNDLE_LOADER = "$(TEST_HOST)";
				FRAMEWORK_SEARCH_PATHS = (
					"$(SDKROOT)/Developer/Library/Frameworks",
					"$(inherited)",
				);
				GCC_PREPROCESSOR_DEFINITIONS = (
					"DEBUG=1",
					"$(inherited)",
				);
				INFOPLIST_FILE = AFNetworkNSObjectTests/Info.plist;
				LD_RUNPATH_SEARCH_PATHS = "$(inherited) @executable_path/Frameworks @loader_path/Frameworks";
				PRODUCT_NAME = "$(TARGET_NAME)";
				TEST_HOST = "$(BUILT_PRODUCTS_DIR)/AFNetworkNSObject.app/AFNetworkNSObject";
			};
			name = Debug;
		};
		9C9BE0E219FCCF5600E4A8D8 /* Release */ = {
			isa = XCBuildConfiguration;
			buildSettings = {
				BUNDLE_LOADER = "$(TEST_HOST)";
				FRAMEWORK_SEARCH_PATHS = (
					"$(SDKROOT)/Developer/Library/Frameworks",
					"$(inherited)",
				);
				INFOPLIST_FILE = AFNetworkNSObjectTests/Info.plist;
				LD_RUNPATH_SEARCH_PATHS = "$(inherited) @executable_path/Frameworks @loader_path/Frameworks";
				PRODUCT_NAME = "$(TARGET_NAME)";
				TEST_HOST = "$(BUILT_PRODUCTS_DIR)/AFNetworkNSObject.app/AFNetworkNSObject";
			};
			name = Release;
		};
/* End XCBuildConfiguration section */

/* Begin XCConfigurationList section */
		9C9BE0B519FCCF5600E4A8D8 /* Build configuration list for PBXProject "AFNetworkNSObject" */ = {
			isa = XCConfigurationList;
			buildConfigurations = (
				9C9BE0DB19FCCF5600E4A8D8 /* Debug */,
				9C9BE0DC19FCCF5600E4A8D8 /* Release */,
			);
			defaultConfigurationIsVisible = 0;
			defaultConfigurationName = Release;
		};
		9C9BE0DD19FCCF5600E4A8D8 /* Build configuration list for PBXNativeTarget "AFNetworkNSObject" */ = {
			isa = XCConfigurationList;
			buildConfigurations = (
				9C9BE0DE19FCCF5600E4A8D8 /* Debug */,
				9C9BE0DF19FCCF5600E4A8D8 /* Release */,
			);
			defaultConfigurationIsVisible = 0;
			defaultConfigurationName = Release;
		};
		9C9BE0E019FCCF5600E4A8D8 /* Build configuration list for PBXNativeTarget "AFNetworkNSObjectTests" */ = {
			isa = XCConfigurationList;
			buildConfigurations = (
				9C9BE0E119FCCF5600E4A8D8 /* Debug */,
				9C9BE0E219FCCF5600E4A8D8 /* Release */,
			);
			defaultConfigurationIsVisible = 0;
			defaultConfigurationName = Release;
		};
/* End XCConfigurationList section */
	};
	rootObject = 9C9BE0B219FCCF5600E4A8D8 /* Project object */;
}
